
Microsoft Visual Studio Solution File, Format Version 12.00
# Visual Studio 15
VisualStudioVersion = 15.0.28307.1300
MinimumVisualStudioVersion = 10.0.40219.1
Project("{FAE04EC0-301F-11D3-BF4B-00C04F79EFBC}") = "WebSite20210103IP登入限制", "WebSite20210103IP登入限制\WebSite20210103IP登入限制.csproj", "{7113840F-6D2F-4063-B5AA-87897C04A684}"
EndProject
Global
	GlobalSection(SolutionConfigurationPlatforms) = preSolution
		Debug|Any CPU = Debug|Any CPU
		Release|Any CPU = Release|Any CPU
	EndGlobalSection
	GlobalSection(ProjectConfigurationPlatforms) = postSolution
		{7113840F-6D2F-4063-B5AA-87897C04A684}.Debug|Any CPU.ActiveCfg = Debug|Any CPU
		{7113840F-6D2F-4063-B5AA-87897C04A684}.Debug|Any CPU.Build.0 = Debug|Any CPU
		{7113840F-6D2F-4063-B5AA-87897C04A684}.Release|Any CPU.ActiveCfg = Release|Any CPU
		{7113840F-6D2F-4063-B5AA-87897C04A684}.Release|Any CPU.Build.0 = Release|Any CPU
	EndGlobalSection
	GlobalSection(SolutionProperties) = preSolution
		HideSolutionNode = FALSE
	EndGlobalSection
	GlobalSection(ExtensibilityGlobals) = postSolution
		SolutionGuid = {EA28A5A9-8822-46AC-93C5-4B5E7A799BA3}
	EndGlobalSection
EndGlobal
